# This file is automatically @generated by Poetry 1.8.3 and should not be changed by hand.

[[package]]
name = "pysam"
version = "0.23.0"
description = "Package for reading, manipulating, and writing genomic data"
optional = false
python-versions = ">=3.6"
files = [
    {file = "pysam-0.23.0-cp310-cp310-macosx_10_9_x86_64.whl", hash = "sha256:9ee2ef5f3452bc84834163a881269efed56d1be5045865b5af74d010aee4b44c"},
    {file = "pysam-0.23.0-cp310-cp310-macosx_11_0_arm64.whl", hash = "sha256:a061857f8bd723f0f223ec986b0b955f28ddea3b330a767f3c39daaca5908e39"},
    {file = "pysam-0.23.0-cp310-cp310-manylinux_2_28_aarch64.whl", hash = "sha256:2ed8717c12580e76b9656af231c03254bb745bf1afc6d6556d0a27626443c48d"},
    {file = "pysam-0.23.0-cp310-cp310-manylinux_2_28_x86_64.whl", hash = "sha256:e681d04efe21040b3888f7484f84a2636433503cfb903bbf9b91d671726ceaed"},
    {file = "pysam-0.23.0-cp311-cp311-macosx_10_9_x86_64.whl", hash = "sha256:ada6096aca1f188289832d7963137d5e9ffe9454d688c57a2cca563de4601545"},
    {file = "pysam-0.23.0-cp311-cp311-macosx_11_0_arm64.whl", hash = "sha256:caf8f1cef87663d38228b01885f8ffb13d6a9bc2ba3ff958f79d6c1af3fb84c2"},
    {file = "pysam-0.23.0-cp311-cp311-manylinux_2_28_aarch64.whl", hash = "sha256:81dc7b4418d6006ff3e16e5419f5d26a25d959efc1e9807cf56190ca0f68012a"},
    {file = "pysam-0.23.0-cp311-cp311-manylinux_2_28_x86_64.whl", hash = "sha256:4923c614adf642ffc7620a76faf38f57f2d834b1ba4ab567596db2ac6266038f"},
    {file = "pysam-0.23.0-cp312-cp312-macosx_10_13_x86_64.whl", hash = "sha256:5a795db60b648902d1886faf9d3575dbd3f199736fda27504b8237b684b74710"},
    {file = "pysam-0.23.0-cp312-cp312-macosx_11_0_arm64.whl", hash = "sha256:e454f282f6ace01c5c293e3f1bc4bb2ee844f6d5b8686bffe7e02d7e0089a73e"},
    {file = "pysam-0.23.0-cp312-cp312-manylinux_2_28_aarch64.whl", hash = "sha256:4f1b976bff84b99acb90276f396e7853359a8ea3a2a5fbcb69f3ceed4027761d"},
    {file = "pysam-0.23.0-cp312-cp312-manylinux_2_28_x86_64.whl", hash = "sha256:4fd54bae72a832317aab23ad45970f9091ac2c7c233c5a6826941095fbd7f103"},
    {file = "pysam-0.23.0-cp313-cp313-macosx_10_13_x86_64.whl", hash = "sha256:b13eb322ad3726b214df3fe54249af5d91bfca6e4a64abe9f293348edae397e8"},
    {file = "pysam-0.23.0-cp313-cp313-macosx_11_0_arm64.whl", hash = "sha256:41272520d47a428c4d17441eab88d7c5b1ad609ba729cc0cd96960b8a8589e93"},
    {file = "pysam-0.23.0-cp313-cp313-manylinux_2_28_aarch64.whl", hash = "sha256:e0426928e676e5d9f8320cd09741be905f90be5c7133f3ad386c7d1be84930ff"},
    {file = "pysam-0.23.0-cp313-cp313-manylinux_2_28_x86_64.whl", hash = "sha256:1631c173363475c409352d9bf3ad96e7ff851ba903e5b979f55330f0b41d9b5d"},
    {file = "pysam-0.23.0-cp36-cp36m-macosx_10_9_x86_64.whl", hash = "sha256:2572519dc4b668e8e45d38335233e119cc93fa671fa03099e6f651be032370a6"},
    {file = "pysam-0.23.0-cp36-cp36m-manylinux_2_28_aarch64.whl", hash = "sha256:338d7e292f76d157ba2c7bb3ccdd9a071f164b44250ea89672b4946e3518146f"},
    {file = "pysam-0.23.0-cp36-cp36m-manylinux_2_28_x86_64.whl", hash = "sha256:e32afcd92a6686696147bbad7e7a8d779791e495a9f1ab814daba5e211659716"},
    {file = "pysam-0.23.0-cp37-cp37m-macosx_10_9_x86_64.whl", hash = "sha256:3e3616d3e0a86a87cfde1e89896315961a7a409170dca038c24a756309c8e0d5"},
    {file = "pysam-0.23.0-cp37-cp37m-manylinux_2_28_aarch64.whl", hash = "sha256:86c5ce45690348dcd11dfe7163624ba18dd945ba57d7a064593b78ddcb8e3e72"},
    {file = "pysam-0.23.0-cp37-cp37m-manylinux_2_28_x86_64.whl", hash = "sha256:45abd654f6f53e938238bb9472a7c0b992c384c0bef7e51f248b0502c99964b1"},
    {file = "pysam-0.23.0-cp38-cp38-macosx_10_9_x86_64.whl", hash = "sha256:ab8d993dbbe5af916f1b5f0dac00705a1fa20185b64ed9f3dd66d15850338c65"},
    {file = "pysam-0.23.0-cp38-cp38-manylinux_2_17_x86_64.manylinux2014_x86_64.whl", hash = "sha256:5a0ef49772d4546b2a75f0448b91cf9b9e6d4124bda8747e891383570d51b50e"},
    {file = "pysam-0.23.0-cp38-cp38-manylinux_2_28_aarch64.whl", hash = "sha256:4e00a02e9d5e34902c90817d742c58862493b57ccb70144927869d28a91accfc"},
    {file = "pysam-0.23.0-cp38-cp38-manylinux_2_28_x86_64.whl", hash = "sha256:3e1e12d078f3780173ee34990ba737427768fb332d3a1910aae5fb32bb2499fa"},
    {file = "pysam-0.23.0-cp39-cp39-macosx_10_9_x86_64.whl", hash = "sha256:0bb793bd7fcabb416991607877fe4dfdc7109f73256ed5d2e1e7ed4a68c39167"},
    {file = "pysam-0.23.0-cp39-cp39-macosx_11_0_arm64.whl", hash = "sha256:fd936bdd2a2a7412e96a0797da052d7a50745f0254a934ee590d10485776be58"},
    {file = "pysam-0.23.0-cp39-cp39-manylinux_2_28_aarch64.whl", hash = "sha256:03f50e567ccbac028aec7ce5edc1d4962489cfd5eeeee423ca276abe01dc0a24"},
    {file = "pysam-0.23.0-cp39-cp39-manylinux_2_28_x86_64.whl", hash = "sha256:79201b1ed82308540e7be69de9f73719e381f45d9e0e6310a46c6e56092967b2"},
    {file = "pysam-0.23.0.tar.gz", hash = "sha256:81488b3c7e0efc614395e21acde8bdb21c7adafea31736e733173ac7afac0c3e"},
]

[metadata]
lock-version = "2.0"
python-versions = "^3.10"
content-hash = "58a5cc42b3ccb43c391a88c6e6ae1233bceff247b505ddcdeef14e828a228a36"
